
Microsoft Visual Studio Solution File, Format Version 12.00
# Visual Studio Version 16
VisualStudioVersion = 16.0.30907.101
MinimumVisualStudioVersion = 10.0.40219.1
Project("{FAE04EC0-301F-11D3-BF4B-00C04F79EFBC}") = "V6", "V6.csproj", "{D9CD49D3-D7B9-40FA-9674-4026B9BEEEFF}"
EndProject
Global
	GlobalSection(SolutionConfigurationPlatforms) = preSolution
		Debug|Any CPU = Debug|Any CPU
		Release|Any CPU = Release|Any CPU
	EndGlobalSection
	GlobalSection(ProjectConfigurationPlatforms) = postSolution
		{D9CD49D3-D7B9-40FA-9674-4026B9BEEEFF}.Debug|Any CPU.ActiveCfg = Debug|Any CPU
		{D9CD49D3-D7B9-40FA-9674-4026B9BEEEFF}.Debug|Any CPU.Build.0 = Debug|Any CPU
		{D9CD49D3-D7B9-40FA-9674-4026B9BEEEFF}.Release|Any CPU.ActiveCfg = Release|Any CPU
		{D9CD49D3-D7B9-40FA-9674-4026B9BEEEFF}.Release|Any CPU.Build.0 = Release|Any CPU
	EndGlobalSection
	GlobalSection(SolutionProperties) = preSolution
		HideSolutionNode = FALSE
	EndGlobalSection
	GlobalSection(ExtensibilityGlobals) = postSolution
		SolutionGuid = {D2D93264-6F74-4A48-88B8-01E25312464B}
	EndGlobalSection
EndGlobal
