
Microsoft Visual Studio Solution File, Format Version 12.00
# Visual Studio Version 16
VisualStudioVersion = 16.0.30907.101
MinimumVisualStudioVersion = 10.0.40219.1
Project("{FAE04EC0-301F-11D3-BF4B-00C04F79EFBC}") = "V5", "V5.csproj", "{4DD94DFD-0848-4F17-9562-17F54DB79D82}"
EndProject
Global
	GlobalSection(SolutionConfigurationPlatforms) = preSolution
		Debug|Any CPU = Debug|Any CPU
		Release|Any CPU = Release|Any CPU
	EndGlobalSection
	GlobalSection(ProjectConfigurationPlatforms) = postSolution
		{4DD94DFD-0848-4F17-9562-17F54DB79D82}.Debug|Any CPU.ActiveCfg = Debug|Any CPU
		{4DD94DFD-0848-4F17-9562-17F54DB79D82}.Debug|Any CPU.Build.0 = Debug|Any CPU
		{4DD94DFD-0848-4F17-9562-17F54DB79D82}.Release|Any CPU.ActiveCfg = Release|Any CPU
		{4DD94DFD-0848-4F17-9562-17F54DB79D82}.Release|Any CPU.Build.0 = Release|Any CPU
	EndGlobalSection
	GlobalSection(SolutionProperties) = preSolution
		HideSolutionNode = FALSE
	EndGlobalSection
	GlobalSection(ExtensibilityGlobals) = postSolution
		SolutionGuid = {DD71432E-0A14-43CA-AA28-874F2DDF26C5}
	EndGlobalSection
EndGlobal
